
Microsoft Visual Studio Solution File, Format Version 12.00
# Visual Studio 15
VisualStudioVersion = 15.0.28307.645
MinimumVisualStudioVersion = 10.0.40219.1
Project("{FAE04EC0-301F-11D3-BF4B-00C04F79EFBC}") = "SignalR_ChatClient", "SignalR_ChatClient\SignalR_ChatClient.csproj", "{BD4716A7-E091-438E-B6F1-C73010550BB8}"
EndProject
Global
	GlobalSection(SolutionConfigurationPlatforms) = preSolution
		Debug|Any CPU = Debug|Any CPU
		Release|Any CPU = Release|Any CPU
	EndGlobalSection
	GlobalSection(ProjectConfigurationPlatforms) = postSolution
		{BD4716A7-E091-438E-B6F1-C73010550BB8}.Debug|Any CPU.ActiveCfg = Debug|Any CPU
		{BD4716A7-E091-438E-B6F1-C73010550BB8}.Debug|Any CPU.Build.0 = Debug|Any CPU
		{BD4716A7-E091-438E-B6F1-C73010550BB8}.Release|Any CPU.ActiveCfg = Release|Any CPU
		{BD4716A7-E091-438E-B6F1-C73010550BB8}.Release|Any CPU.Build.0 = Release|Any CPU
	EndGlobalSection
	GlobalSection(SolutionProperties) = preSolution
		HideSolutionNode = FALSE
	EndGlobalSection
	GlobalSection(ExtensibilityGlobals) = postSolution
		SolutionGuid = {D58D8C24-E870-4B68-B4C6-78CDD0101949}
	EndGlobalSection
EndGlobal
